<?xml version="1.0" encoding="UTF-8"?>
<!DOCTYPE plist PUBLIC "-//Apple//DTD PLIST 1.0//EN" "http://www.apple.com/DTDs/PropertyList-1.0.dtd">
<plist version="1.0">
<dict>
	<key>archiveVersion</key>
	<string>1</string>
	<key>classes</key>
	<dict/>
	<key>objectVersion</key>
	<string>56</string>
	<key>objects</key>
	<dict>
		<key>763D774377779C412BB71F6F</key>
		<dict>
			<key>isa</key>
			<string>PBXFileReference</string>
			<key>explicitFileType</key>
			<string>wrapper.application</string>
			<key>path</key>
			<string>EWAF.app</string>
			<key>sourceTree</key>
			<string>BUILT_PRODUCTS_DIR</string>
		</dict>
		<key>00444E2C37DD529B70E931A2</key>
		<dict>
			<key>isa</key>
			<string>PBXFileReference</string>
			<key>explicitFileType</key>
			<string>wrapper.cfbundle</string>
			<key>path</key>
			<string>EWAFUITests.xctest</string>
			<key>sourceTree</key>
			<string>BUILT_PRODUCTS_DIR</string>
		</dict>
		<key>0A3E27B8CA818264D75C8D81</key>
		<dict>
			<key>isa</key>
			<string>PBXGroup</string>
			<key>name</key>
			<string>Products</string>
			<key>children</key>
			<array>
				<string>763D774377779C412BB71F6F</string>
				<string>00444E2C37DD529B70E931A2</string>
			</array>
			<key>sourceTree</key>
			<string>&lt;group&gt;</string>
		</dict>
		<key>05B92DEA3D772782BEB3C58E</key>
		<dict>
			<key>isa</key>
			<string>PBXFileReference</string>
			<key>lastKnownFileType</key>
			<string>sourcecode.swift</string>
			<key>path</key>
			<string>Sources/EWAF/App/EWAFApp.swift</string>
			<key>sourceTree</key>
			<string>&lt;group&gt;</string>
		</dict>
		<key>8B1F03208CED07DCE5B25219</key>
		<dict>
			<key>isa</key>
			<string>PBXBuildFile</string>
			<key>fileRef</key>
			<string>05B92DEA3D772782BEB3C58E</string>
		</dict>
		<key>7DF2262FBEA26E1499815E7B</key>
		<dict>
			<key>isa</key>
			<string>PBXFileReference</string>
			<key>lastKnownFileType</key>
			<string>sourcecode.swift</string>
			<key>path</key>
			<string>Sources/EWAF/Stores/FolderWorkspace.swift</string>
			<key>sourceTree</key>
			<string>&lt;group&gt;</string>
		</dict>
		<key>F4224EB43A30EDA1ABE810F5</key>
		<dict>
			<key>isa</key>
			<string>PBXBuildFile</string>
			<key>fileRef</key>
			<string>7DF2262FBEA26E1499815E7B</string>
		</dict>
		<key>DC1CF67A4C391B995FE00ABC</key>
		<dict>
			<key>isa</key>
			<string>PBXFileReference</string>
			<key>lastKnownFileType</key>
			<string>sourcecode.swift</string>
			<key>path</key>
			<string>Sources/EWAF/Views/ContentView.swift</string>
			<key>sourceTree</key>
			<string>&lt;group&gt;</string>
		</dict>
		<key>E5B29E79612E17AF3ED044E4</key>
		<dict>
			<key>isa</key>
			<string>PBXBuildFile</string>
			<key>fileRef</key>
			<string>DC1CF67A4C391B995FE00ABC</string>
		</dict>
		<key>0E09A3E4DE8406E148BE93E1</key>
		<dict>
			<key>isa</key>
			<string>PBXFileReference</string>
			<key>lastKnownFileType</key>
			<string>sourcecode.swift</string>
			<key>path</key>
			<string>Sources/EWAF/Views/ExactDatesView.swift</string>
			<key>sourceTree</key>
			<string>&lt;group&gt;</string>
		</dict>
		<key>1EC01C1AC40B8C5C8132DB65</key>
		<dict>
			<key>isa</key>
			<string>PBXBuildFile</string>
			<key>fileRef</key>
			<string>0E09A3E4DE8406E148BE93E1</string>
		</dict>
		<key>0C43D5D70BC54672B2CC8BF5</key>
		<dict>
			<key>isa</key>
			<string>PBXFileReference</string>
			<key>lastKnownFileType</key>
			<string>sourcecode.swift</string>
			<key>path</key>
			<string>Sources/EWAF/Views/PreviewView.swift</string>
			<key>sourceTree</key>
			<string>&lt;group&gt;</string>
		</dict>
		<key>436D9DD5E6D8C90C3C33C104</key>
		<dict>
			<key>isa</key>
			<string>PBXBuildFile</string>
			<key>fileRef</key>
			<string>0C43D5D70BC54672B2CC8BF5</string>
		</dict>
		<key>7A9419ECF816E69F940B8249</key>
		<dict>
			<key>isa</key>
			<string>PBXFileReference</string>
			<key>lastKnownFileType</key>
			<string>sourcecode.swift</string>
			<key>path</key>
			<string>Sources/EWAF/Views/RangeForm.swift</string>
			<key>sourceTree</key>
			<string>&lt;group&gt;</string>
		</dict>
		<key>41AA44B8D679A53FCDAB4CD8</key>
		<dict>
			<key>isa</key>
			<string>PBXBuildFile</string>
			<key>fileRef</key>
			<string>7A9419ECF816E69F940B8249</string>
		</dict>
		<key>D403F843806D07AE4F0FDD43</key>
		<dict>
			<key>isa</key>
			<string>PBXFileReference</string>
			<key>lastKnownFileType</key>
			<string>sourcecode.swift</string>
			<key>path</key>
			<string>Sources/EWAF/Views/SettingsView.swift</string>
			<key>sourceTree</key>
			<string>&lt;group&gt;</string>
		</dict>
		<key>DA534AB1B7931CAABB59F6B2</key>
		<dict>
			<key>isa</key>
			<string>PBXBuildFile</string>
			<key>fileRef</key>
			<string>D403F843806D07AE4F0FDD43</string>
		</dict>
		<key>6BAB02B549A96CC50D0CA977</key>
		<dict>
			<key>isa</key>
			<string>PBXSourcesBuildPhase</string>
			<key>buildActionMask</key>
			<string>2147483647</string>
			<key>files</key>
			<array>
				<string>8B1F03208CED07DCE5B25219</string>
				<string>F4224EB43A30EDA1ABE810F5</string>
				<string>E5B29E79612E17AF3ED044E4</string>
				<string>1EC01C1AC40B8C5C8132DB65</string>
				<string>436D9DD5E6D8C90C3C33C104</string>
				<string>41AA44B8D679A53FCDAB4CD8</string>
				<string>DA534AB1B7931CAABB59F6B2</string>
			</array>
			<key>runOnlyForDeploymentPostprocessing</key>
			<string>0</string>
		</dict>
		<key>40E306C0CAD7CA4A8FF34CEF</key>
		<dict>
			<key>isa</key>
			<string>PBXFileReference</string>
			<key>lastKnownFileType</key>
			<string>sourcecode.swift</string>
			<key>path</key>
			<string>tests/EWAFUITests/EWAFUITests.swift</string>
			<key>sourceTree</key>
			<string>&lt;group&gt;</string>
		</dict>
		<key>9CD46F08AA5FED74E6F2A0FC</key>
		<dict>
			<key>isa</key>
			<string>PBXBuildFile</string>
			<key>fileRef</key>
			<string>40E306C0CAD7CA4A8FF34CEF</string>
		</dict>
		<key>798B65A4B63A4D08FDD4C755</key>
		<dict>
			<key>isa</key>
			<string>PBXSourcesBuildPhase</string>
			<key>buildActionMask</key>
			<string>2147483647</string>
			<key>files</key>
			<array>
				<string>9CD46F08AA5FED74E6F2A0FC</string>
			</array>
			<key>runOnlyForDeploymentPostprocessing</key>
			<string>0</string>
		</dict>
		<key>BC4A71180870F7945155FBB0</key>
		<dict>
			<key>isa</key>
			<string>XCLocalSwiftPackageReference</string>
			<key>relativePath</key>
			<string>.</string>
		</dict>
		<key>0D45F5FD462B8C70BFFB1002</key>
		<dict>
			<key>isa</key>
			<string>XCSwiftPackageProductDependency</string>
			<key>package</key>
			<string>BC4A71180870F7945155FBB0</string>
			<key>productName</key>
			<string>EWAFCore</string>
		</dict>
		<key>D8548042BF4146FC550FDCF3</key>
		<dict>
			<key>isa</key>
			<string>PBXBuildFile</string>
			<key>productRef</key>
			<string>0D45F5FD462B8C70BFFB1002</string>
		</dict>
		<key>E2AA269EB967A8853A258BFA</key>
		<dict>
			<key>isa</key>
			<string>PBXFrameworksBuildPhase</string>
			<key>buildActionMask</key>
			<string>2147483647</string>
			<key>files</key>
			<array>
				<string>D8548042BF4146FC550FDCF3</string>
			</array>
			<key>runOnlyForDeploymentPostprocessing</key>
			<string>0</string>
		</dict>
		<key>B00CCDD09424E369308D67FA</key>
		<dict>
			<key>isa</key>
			<string>XCBuildConfiguration</string>
			<key>name</key>
			<string>Debug</string>
			<key>buildSettings</key>
			<dict>
				<key>SWIFT_VERSION</key>
				<string>6.0</string>
				<key>MACOSX_DEPLOYMENT_TARGET</key>
				<string>14.0</string>
				<key>SDKROOT</key>
				<string>macosx</string>
				<key>CODE_SIGNING_ALLOWED</key>
				<string>YES</string>
				<key>CODE_SIGN_IDENTITY</key>
				<string>-</string>
				<key>CODE_SIGN_STYLE</key>
				<string>Manual</string>
				<key>GENERATE_INFOPLIST_FILE</key>
				<string>YES</string>
				<key>CURRENT_PROJECT_VERSION</key>
				<string>1</string>
				<key>MARKETING_VERSION</key>
				<string>1.0.0</string>
				<key>PRODUCT_NAME</key>
				<string>EWAF</string>
				<key>ENABLE_HARDENED_RUNTIME</key>
				<string>YES</string>
				<key>PRODUCT_BUNDLE_IDENTIFIER</key>
				<string>com.tlolabs.ewaf</string>
				<key>INFOPLIST_KEY_CFBundleDisplayName</key>
				<string>E.W.A.F.</string>
				<key>ONLY_ACTIVE_ARCH</key>
				<string>YES</string>
				<key>SWIFT_OPTIMIZATION_LEVEL</key>
				<string>-Onone</string>
				<key>DEBUG_INFORMATION_FORMAT</key>
				<string>dwarf</string>
			</dict>
		</dict>
		<key>1B104479E55E37CF8A63CBDF</key>
		<dict>
			<key>isa</key>
			<string>XCBuildConfiguration</string>
			<key>name</key>
			<string>Release</string>
			<key>buildSettings</key>
			<dict>
				<key>SWIFT_VERSION</key>
				<string>6.0</string>
				<key>MACOSX_DEPLOYMENT_TARGET</key>
				<string>14.0</string>
				<key>SDKROOT</key>
				<string>macosx</string>
				<key>CODE_SIGNING_ALLOWED</key>
				<string>YES</string>
				<key>CODE_SIGN_IDENTITY</key>
				<string>-</string>
				<key>CODE_SIGN_STYLE</key>
				<string>Manual</string>
				<key>GENERATE_INFOPLIST_FILE</key>
				<string>YES</string>
				<key>CURRENT_PROJECT_VERSION</key>
				<string>1</string>
				<key>MARKETING_VERSION</key>
				<string>1.0.0</string>
				<key>PRODUCT_NAME</key>
				<string>EWAF</string>
				<key>ENABLE_HARDENED_RUNTIME</key>
				<string>YES</string>
				<key>PRODUCT_BUNDLE_IDENTIFIER</key>
				<string>com.tlolabs.ewaf</string>
				<key>INFOPLIST_KEY_CFBundleDisplayName</key>
				<string>E.W.A.F.</string>
				<key>ONLY_ACTIVE_ARCH</key>
				<string>NO</string>
				<key>SWIFT_OPTIMIZATION_LEVEL</key>
				<string>-O</string>
				<key>DEBUG_INFORMATION_FORMAT</key>
				<string>dwarf-with-dsym</string>
			</dict>
		</dict>
		<key>06CB67C35A91E16DBD17B949</key>
		<dict>
			<key>isa</key>
			<string>XCConfigurationList</string>
			<key>buildConfigurations</key>
			<array>
				<string>B00CCDD09424E369308D67FA</string>
				<string>1B104479E55E37CF8A63CBDF</string>
			</array>
			<key>defaultConfigurationIsVisible</key>
			<string>0</string>
			<key>defaultConfigurationName</key>
			<string>Release</string>
		</dict>
		<key>AC44A5EE06496B21A17CA082</key>
		<dict>
			<key>isa</key>
			<string>PBXNativeTarget</string>
			<key>name</key>
			<string>EWAFMac</string>
			<key>productName</key>
			<string>EWAF</string>
			<key>productReference</key>
			<string>763D774377779C412BB71F6F</string>
			<key>productType</key>
			<string>com.apple.product-type.application</string>
			<key>buildConfigurationList</key>
			<string>06CB67C35A91E16DBD17B949</string>
			<key>buildPhases</key>
			<array>
				<string>6BAB02B549A96CC50D0CA977</string>
				<string>E2AA269EB967A8853A258BFA</string>
			</array>
			<key>dependencies</key>
			<array/>
			<key>buildRules</key>
			<array/>
			<key>packageProductDependencies</key>
			<array>
				<string>0D45F5FD462B8C70BFFB1002</string>
			</array>
		</dict>
		<key>B9E7EDFEA5781C84549BB689</key>
		<dict>
			<key>isa</key>
			<string>PBXTargetDependency</string>
			<key>target</key>
			<string>AC44A5EE06496B21A17CA082</string>
		</dict>
		<key>DD3F495F7D6A5AA1C1769021</key>
		<dict>
			<key>isa</key>
			<string>XCBuildConfiguration</string>
			<key>name</key>
			<string>Debug</string>
			<key>buildSettings</key>
			<dict>
				<key>SWIFT_VERSION</key>
				<string>6.0</string>
				<key>MACOSX_DEPLOYMENT_TARGET</key>
				<string>14.0</string>
				<key>SDKROOT</key>
				<string>macosx</string>
				<key>CODE_SIGNING_ALLOWED</key>
				<string>YES</string>
				<key>CODE_SIGN_IDENTITY</key>
				<string>-</string>
				<key>CODE_SIGN_STYLE</key>
				<string>Manual</string>
				<key>GENERATE_INFOPLIST_FILE</key>
				<string>YES</string>
				<key>CURRENT_PROJECT_VERSION</key>
				<string>1</string>
				<key>MARKETING_VERSION</key>
				<string>1.0.0</string>
				<key>PRODUCT_NAME</key>
				<string>$(TARGET_NAME)</string>
				<key>ENABLE_HARDENED_RUNTIME</key>
				<string>NO</string>
				<key>PRODUCT_BUNDLE_IDENTIFIER</key>
				<string>com.tlolabs.ewaf.uitests</string>
				<key>TEST_TARGET_NAME</key>
				<string>EWAFMac</string>
				<key>SWIFT_EMIT_LOC_STRINGS</key>
				<string>NO</string>
				<key>ONLY_ACTIVE_ARCH</key>
				<string>YES</string>
				<key>SWIFT_OPTIMIZATION_LEVEL</key>
				<string>-Onone</string>
				<key>DEBUG_INFORMATION_FORMAT</key>
				<string>dwarf</string>
			</dict>
		</dict>
		<key>E670BC2FFE794172EBC92AE3</key>
		<dict>
			<key>isa</key>
			<string>XCBuildConfiguration</string>
			<key>name</key>
			<string>Release</string>
			<key>buildSettings</key>
			<dict>
				<key>SWIFT_VERSION</key>
				<string>6.0</string>
				<key>MACOSX_DEPLOYMENT_TARGET</key>
				<string>14.0</string>
				<key>SDKROOT</key>
				<string>macosx</string>
				<key>CODE_SIGNING_ALLOWED</key>
				<string>YES</string>
				<key>CODE_SIGN_IDENTITY</key>
				<string>-</string>
				<key>CODE_SIGN_STYLE</key>
				<string>Manual</string>
				<key>GENERATE_INFOPLIST_FILE</key>
				<string>YES</string>
				<key>CURRENT_PROJECT_VERSION</key>
				<string>1</string>
				<key>MARKETING_VERSION</key>
				<string>1.0.0</string>
				<key>PRODUCT_NAME</key>
				<string>$(TARGET_NAME)</string>
				<key>ENABLE_HARDENED_RUNTIME</key>
				<string>NO</string>
				<key>PRODUCT_BUNDLE_IDENTIFIER</key>
				<string>com.tlolabs.ewaf.uitests</string>
				<key>TEST_TARGET_NAME</key>
				<string>EWAFMac</string>
				<key>SWIFT_EMIT_LOC_STRINGS</key>
				<string>NO</string>
				<key>ONLY_ACTIVE_ARCH</key>
				<string>NO</string>
				<key>SWIFT_OPTIMIZATION_LEVEL</key>
				<string>-O</string>
				<key>DEBUG_INFORMATION_FORMAT</key>
				<string>dwarf-with-dsym</string>
			</dict>
		</dict>
		<key>5FA394EFD07597E96CACD8E1</key>
		<dict>
			<key>isa</key>
			<string>XCConfigurationList</string>
			<key>buildConfigurations</key>
			<array>
				<string>DD3F495F7D6A5AA1C1769021</string>
				<string>E670BC2FFE794172EBC92AE3</string>
			</array>
			<key>defaultConfigurationIsVisible</key>
			<string>0</string>
			<key>defaultConfigurationName</key>
			<string>Release</string>
		</dict>
		<key>3A0C9CEF9D8F3BC090274361</key>
		<dict>
			<key>isa</key>
			<string>PBXNativeTarget</string>
			<key>name</key>
			<string>EWAFUITests</string>
			<key>productName</key>
			<string>EWAFUITests</string>
			<key>productReference</key>
			<string>00444E2C37DD529B70E931A2</string>
			<key>productType</key>
			<string>com.apple.product-type.bundle.ui-testing</string>
			<key>buildConfigurationList</key>
			<string>5FA394EFD07597E96CACD8E1</string>
			<key>buildPhases</key>
			<array>
				<string>798B65A4B63A4D08FDD4C755</string>
			</array>
			<key>dependencies</key>
			<array>
				<string>B9E7EDFEA5781C84549BB689</string>
			</array>
			<key>buildRules</key>
			<array/>
		</dict>
		<key>0035FE99EA2940F7FA633A58</key>
		<dict>
			<key>isa</key>
			<string>PBXGroup</string>
			<key>children</key>
			<array>
				<string>05B92DEA3D772782BEB3C58E</string>
				<string>7DF2262FBEA26E1499815E7B</string>
				<string>DC1CF67A4C391B995FE00ABC</string>
				<string>0E09A3E4DE8406E148BE93E1</string>
				<string>0C43D5D70BC54672B2CC8BF5</string>
				<string>7A9419ECF816E69F940B8249</string>
				<string>D403F843806D07AE4F0FDD43</string>
				<string>40E306C0CAD7CA4A8FF34CEF</string>
				<string>0A3E27B8CA818264D75C8D81</string>
			</array>
			<key>sourceTree</key>
			<string>&lt;group&gt;</string>
		</dict>
		<key>73EBF6644258C120893E685D</key>
		<dict>
			<key>isa</key>
			<string>XCBuildConfiguration</string>
			<key>name</key>
			<string>Debug</string>
			<key>buildSettings</key>
			<dict>
				<key>CLANG_ENABLE_MODULES</key>
				<string>YES</string>
				<key>ONLY_ACTIVE_ARCH</key>
				<string>YES</string>
				<key>SWIFT_OPTIMIZATION_LEVEL</key>
				<string>-Onone</string>
				<key>DEBUG_INFORMATION_FORMAT</key>
				<string>dwarf</string>
			</dict>
		</dict>
		<key>0B0C687DF8B6B8DC790B519C</key>
		<dict>
			<key>isa</key>
			<string>XCBuildConfiguration</string>
			<key>name</key>
			<string>Release</string>
			<key>buildSettings</key>
			<dict>
				<key>CLANG_ENABLE_MODULES</key>
				<string>YES</string>
				<key>ONLY_ACTIVE_ARCH</key>
				<string>NO</string>
				<key>SWIFT_OPTIMIZATION_LEVEL</key>
				<string>-O</string>
				<key>DEBUG_INFORMATION_FORMAT</key>
				<string>dwarf-with-dsym</string>
			</dict>
		</dict>
		<key>76F8DEC3DFE0BDB465198890</key>
		<dict>
			<key>isa</key>
			<string>XCConfigurationList</string>
			<key>buildConfigurations</key>
			<array>
				<string>73EBF6644258C120893E685D</string>
				<string>0B0C687DF8B6B8DC790B519C</string>
			</array>
			<key>defaultConfigurationIsVisible</key>
			<string>0</string>
			<key>defaultConfigurationName</key>
			<string>Release</string>
		</dict>
		<key>244210E48437B6556980A702</key>
		<dict>
			<key>isa</key>
			<string>PBXProject</string>
			<key>attributes</key>
			<dict>
				<key>LastUpgradeCheck</key>
				<string>2600</string>
				<key>TargetAttributes</key>
				<dict>
					<key>3A0C9CEF9D8F3BC090274361</key>
					<dict>
						<key>TestTargetID</key>
						<string>AC44A5EE06496B21A17CA082</string>
					</dict>
				</dict>
			</dict>
			<key>buildConfigurationList</key>
			<string>76F8DEC3DFE0BDB465198890</string>
			<key>compatibilityVersion</key>
			<string>Xcode 14.0</string>
			<key>developmentRegion</key>
			<string>en</string>
			<key>knownRegions</key>
			<array>
				<string>en</string>
				<string>Base</string>
			</array>
			<key>mainGroup</key>
			<string>0035FE99EA2940F7FA633A58</string>
			<key>productRefGroup</key>
			<string>0A3E27B8CA818264D75C8D81</string>
			<key>projectDirPath</key>
			<string></string>
			<key>projectRoot</key>
			<string></string>
			<key>targets</key>
			<array>
				<string>AC44A5EE06496B21A17CA082</string>
				<string>3A0C9CEF9D8F3BC090274361</string>
			</array>
			<key>packageReferences</key>
			<array>
				<string>BC4A71180870F7945155FBB0</string>
			</array>
		</dict>
	</dict>
	<key>rootObject</key>
	<string>244210E48437B6556980A702</string>
</dict>
</plist>
